
Microsoft Visual Studio Solution File, Format Version 12.00
# Visual Studio Version 17
VisualStudioVersion = 17.7.34202.233
MinimumVisualStudioVersion = 10.0.40219.1
Project("{FAE04EC0-301F-11D3-BF4B-00C04F79EFBC}") = "Problem 148A", "Problem 148A\Problem 148A.csproj", "{9271774A-629D-49C4-B601-82531C49B9DC}"
EndProject
Global
	GlobalSection(SolutionConfigurationPlatforms) = preSolution
		Debug|Any CPU = Debug|Any CPU
		Release|Any CPU = Release|Any CPU
	EndGlobalSection
	GlobalSection(ProjectConfigurationPlatforms) = postSolution
		{9271774A-629D-49C4-B601-82531C49B9DC}.Debug|Any CPU.ActiveCfg = Debug|Any CPU
		{9271774A-629D-49C4-B601-82531C49B9DC}.Debug|Any CPU.Build.0 = Debug|Any CPU
		{9271774A-629D-49C4-B601-82531C49B9DC}.Release|Any CPU.ActiveCfg = Release|Any CPU
		{9271774A-629D-49C4-B601-82531C49B9DC}.Release|Any CPU.Build.0 = Release|Any CPU
	EndGlobalSection
	GlobalSection(SolutionProperties) = preSolution
		HideSolutionNode = FALSE
	EndGlobalSection
	GlobalSection(ExtensibilityGlobals) = postSolution
		SolutionGuid = {1E635F22-D267-4A55-926B-6E1118C16E3F}
	EndGlobalSection
EndGlobal
