
Microsoft Visual Studio Solution File, Format Version 12.00
# Visual Studio Version 17
VisualStudioVersion = 17.7.34202.233
MinimumVisualStudioVersion = 10.0.40219.1
Project("{FAE04EC0-301F-11D3-BF4B-00C04F79EFBC}") = "Problem 160A", "Problem 160A\Problem 160A.csproj", "{10773021-D224-4FD4-AC74-F4D843EADF2D}"
EndProject
Global
	GlobalSection(SolutionConfigurationPlatforms) = preSolution
		Debug|Any CPU = Debug|Any CPU
		Release|Any CPU = Release|Any CPU
	EndGlobalSection
	GlobalSection(ProjectConfigurationPlatforms) = postSolution
		{10773021-D224-4FD4-AC74-F4D843EADF2D}.Debug|Any CPU.ActiveCfg = Debug|Any CPU
		{10773021-D224-4FD4-AC74-F4D843EADF2D}.Debug|Any CPU.Build.0 = Debug|Any CPU
		{10773021-D224-4FD4-AC74-F4D843EADF2D}.Release|Any CPU.ActiveCfg = Release|Any CPU
		{10773021-D224-4FD4-AC74-F4D843EADF2D}.Release|Any CPU.Build.0 = Release|Any CPU
	EndGlobalSection
	GlobalSection(SolutionProperties) = preSolution
		HideSolutionNode = FALSE
	EndGlobalSection
	GlobalSection(ExtensibilityGlobals) = postSolution
		SolutionGuid = {52899DC4-1FE3-41EC-A17C-31A5B153CBD4}
	EndGlobalSection
EndGlobal
