
Microsoft Visual Studio Solution File, Format Version 12.00
# Visual Studio Version 17
VisualStudioVersion = 17.8.34322.80
MinimumVisualStudioVersion = 10.0.40219.1
Project("{FAE04EC0-301F-11D3-BF4B-00C04F79EFBC}") = "ReferencePracticeRecap", "ReferencePracticeRecap\ReferencePracticeRecap.csproj", "{7F5CFB82-47FA-4EAA-91D1-8CE6305202AD}"
EndProject
Global
	GlobalSection(SolutionConfigurationPlatforms) = preSolution
		Debug|Any CPU = Debug|Any CPU
		Release|Any CPU = Release|Any CPU
	EndGlobalSection
	GlobalSection(ProjectConfigurationPlatforms) = postSolution
		{7F5CFB82-47FA-4EAA-91D1-8CE6305202AD}.Debug|Any CPU.ActiveCfg = Debug|Any CPU
		{7F5CFB82-47FA-4EAA-91D1-8CE6305202AD}.Debug|Any CPU.Build.0 = Debug|Any CPU
		{7F5CFB82-47FA-4EAA-91D1-8CE6305202AD}.Release|Any CPU.ActiveCfg = Release|Any CPU
		{7F5CFB82-47FA-4EAA-91D1-8CE6305202AD}.Release|Any CPU.Build.0 = Release|Any CPU
	EndGlobalSection
	GlobalSection(SolutionProperties) = preSolution
		HideSolutionNode = FALSE
	EndGlobalSection
	GlobalSection(ExtensibilityGlobals) = postSolution
		SolutionGuid = {6F258ACF-6E5D-4EF5-8411-A3FAB7F67F1A}
	EndGlobalSection
EndGlobal
