
Microsoft Visual Studio Solution File, Format Version 12.00
# Visual Studio Version 17
VisualStudioVersion = 17.7.34202.233
MinimumVisualStudioVersion = 10.0.40219.1
Project("{FAE04EC0-301F-11D3-BF4B-00C04F79EFBC}") = "Problem 122A", "Problem 122A\Problem 122A.csproj", "{92FF4B44-201B-44B3-BC7F-86D14EF18CAF}"
EndProject
Global
	GlobalSection(SolutionConfigurationPlatforms) = preSolution
		Debug|Any CPU = Debug|Any CPU
		Release|Any CPU = Release|Any CPU
	EndGlobalSection
	GlobalSection(ProjectConfigurationPlatforms) = postSolution
		{92FF4B44-201B-44B3-BC7F-86D14EF18CAF}.Debug|Any CPU.ActiveCfg = Debug|Any CPU
		{92FF4B44-201B-44B3-BC7F-86D14EF18CAF}.Debug|Any CPU.Build.0 = Debug|Any CPU
		{92FF4B44-201B-44B3-BC7F-86D14EF18CAF}.Release|Any CPU.ActiveCfg = Release|Any CPU
		{92FF4B44-201B-44B3-BC7F-86D14EF18CAF}.Release|Any CPU.Build.0 = Release|Any CPU
	EndGlobalSection
	GlobalSection(SolutionProperties) = preSolution
		HideSolutionNode = FALSE
	EndGlobalSection
	GlobalSection(ExtensibilityGlobals) = postSolution
		SolutionGuid = {4A78706E-F2D9-4D46-9691-AA6666776B76}
	EndGlobalSection
EndGlobal
