
Microsoft Visual Studio Solution File, Format Version 12.00
# Visual Studio Version 17
VisualStudioVersion = 17.7.34031.279
MinimumVisualStudioVersion = 10.0.40219.1
Project("{FAE04EC0-301F-11D3-BF4B-00C04F79EFBC}") = "Check Prime Number", "Check Prime Number\Check Prime Number.csproj", "{C7E07FBA-0252-4ECD-9000-E277541BD36D}"
EndProject
Global
	GlobalSection(SolutionConfigurationPlatforms) = preSolution
		Debug|Any CPU = Debug|Any CPU
		Release|Any CPU = Release|Any CPU
	EndGlobalSection
	GlobalSection(ProjectConfigurationPlatforms) = postSolution
		{C7E07FBA-0252-4ECD-9000-E277541BD36D}.Debug|Any CPU.ActiveCfg = Debug|Any CPU
		{C7E07FBA-0252-4ECD-9000-E277541BD36D}.Debug|Any CPU.Build.0 = Debug|Any CPU
		{C7E07FBA-0252-4ECD-9000-E277541BD36D}.Release|Any CPU.ActiveCfg = Release|Any CPU
		{C7E07FBA-0252-4ECD-9000-E277541BD36D}.Release|Any CPU.Build.0 = Release|Any CPU
	EndGlobalSection
	GlobalSection(SolutionProperties) = preSolution
		HideSolutionNode = FALSE
	EndGlobalSection
	GlobalSection(ExtensibilityGlobals) = postSolution
		SolutionGuid = {E4FA739C-E448-495E-A894-3223FEE2C703}
	EndGlobalSection
EndGlobal
