
Microsoft Visual Studio Solution File, Format Version 12.00
# Visual Studio Version 17
VisualStudioVersion = 17.7.34031.279
MinimumVisualStudioVersion = 10.0.40219.1
Project("{FAE04EC0-301F-11D3-BF4B-00C04F79EFBC}") = "ICPC Problem G", "ICPC Problem G\ICPC Problem G.csproj", "{753C0B15-EEB7-45F4-9CB6-A0A2260EF681}"
EndProject
Global
	GlobalSection(SolutionConfigurationPlatforms) = preSolution
		Debug|Any CPU = Debug|Any CPU
		Release|Any CPU = Release|Any CPU
	EndGlobalSection
	GlobalSection(ProjectConfigurationPlatforms) = postSolution
		{753C0B15-EEB7-45F4-9CB6-A0A2260EF681}.Debug|Any CPU.ActiveCfg = Debug|Any CPU
		{753C0B15-EEB7-45F4-9CB6-A0A2260EF681}.Debug|Any CPU.Build.0 = Debug|Any CPU
		{753C0B15-EEB7-45F4-9CB6-A0A2260EF681}.Release|Any CPU.ActiveCfg = Release|Any CPU
		{753C0B15-EEB7-45F4-9CB6-A0A2260EF681}.Release|Any CPU.Build.0 = Release|Any CPU
	EndGlobalSection
	GlobalSection(SolutionProperties) = preSolution
		HideSolutionNode = FALSE
	EndGlobalSection
	GlobalSection(ExtensibilityGlobals) = postSolution
		SolutionGuid = {F81B8B62-A7BA-4C56-A547-67E7C8796C1B}
	EndGlobalSection
EndGlobal
