
Microsoft Visual Studio Solution File, Format Version 12.00
# Visual Studio Version 17
VisualStudioVersion = 17.7.34031.279
MinimumVisualStudioVersion = 10.0.40219.1
Project("{FAE04EC0-301F-11D3-BF4B-00C04F79EFBC}") = "TypeCasting", "TypeCasting\TypeCasting.csproj", "{BDBC19C7-CBFF-4405-87CE-44B551BD98C9}"
EndProject
Global
	GlobalSection(SolutionConfigurationPlatforms) = preSolution
		Debug|Any CPU = Debug|Any CPU
		Release|Any CPU = Release|Any CPU
	EndGlobalSection
	GlobalSection(ProjectConfigurationPlatforms) = postSolution
		{BDBC19C7-CBFF-4405-87CE-44B551BD98C9}.Debug|Any CPU.ActiveCfg = Debug|Any CPU
		{BDBC19C7-CBFF-4405-87CE-44B551BD98C9}.Debug|Any CPU.Build.0 = Debug|Any CPU
		{BDBC19C7-CBFF-4405-87CE-44B551BD98C9}.Release|Any CPU.ActiveCfg = Release|Any CPU
		{BDBC19C7-CBFF-4405-87CE-44B551BD98C9}.Release|Any CPU.Build.0 = Release|Any CPU
	EndGlobalSection
	GlobalSection(SolutionProperties) = preSolution
		HideSolutionNode = FALSE
	EndGlobalSection
	GlobalSection(ExtensibilityGlobals) = postSolution
		SolutionGuid = {C4C035CF-4E4F-4678-BFE3-53877A138C0D}
	EndGlobalSection
EndGlobal
