
Microsoft Visual Studio Solution File, Format Version 12.00
# Visual Studio Version 17
VisualStudioVersion = 17.7.34202.233
MinimumVisualStudioVersion = 10.0.40219.1
Project("{FAE04EC0-301F-11D3-BF4B-00C04F79EFBC}") = "Problem 546A", "Problem 546A\Problem 546A.csproj", "{D12E5E34-1A55-4C05-959F-0CDCD492D86A}"
EndProject
Global
	GlobalSection(SolutionConfigurationPlatforms) = preSolution
		Debug|Any CPU = Debug|Any CPU
		Release|Any CPU = Release|Any CPU
	EndGlobalSection
	GlobalSection(ProjectConfigurationPlatforms) = postSolution
		{D12E5E34-1A55-4C05-959F-0CDCD492D86A}.Debug|Any CPU.ActiveCfg = Debug|Any CPU
		{D12E5E34-1A55-4C05-959F-0CDCD492D86A}.Debug|Any CPU.Build.0 = Debug|Any CPU
		{D12E5E34-1A55-4C05-959F-0CDCD492D86A}.Release|Any CPU.ActiveCfg = Release|Any CPU
		{D12E5E34-1A55-4C05-959F-0CDCD492D86A}.Release|Any CPU.Build.0 = Release|Any CPU
	EndGlobalSection
	GlobalSection(SolutionProperties) = preSolution
		HideSolutionNode = FALSE
	EndGlobalSection
	GlobalSection(ExtensibilityGlobals) = postSolution
		SolutionGuid = {B6AD6488-FB67-4E93-91B9-BF0DB37743FD}
	EndGlobalSection
EndGlobal
