
Microsoft Visual Studio Solution File, Format Version 12.00
# Visual Studio Version 17
VisualStudioVersion = 17.8.34316.72
MinimumVisualStudioVersion = 10.0.40219.1
Project("{FAE04EC0-301F-11D3-BF4B-00C04F79EFBC}") = "Interface_Practice1", "Interface_Practice1\Interface_Practice1.csproj", "{7EEEE7C5-2F71-4BD4-A4AD-464474FD843E}"
EndProject
Global
	GlobalSection(SolutionConfigurationPlatforms) = preSolution
		Debug|Any CPU = Debug|Any CPU
		Release|Any CPU = Release|Any CPU
	EndGlobalSection
	GlobalSection(ProjectConfigurationPlatforms) = postSolution
		{7EEEE7C5-2F71-4BD4-A4AD-464474FD843E}.Debug|Any CPU.ActiveCfg = Debug|Any CPU
		{7EEEE7C5-2F71-4BD4-A4AD-464474FD843E}.Debug|Any CPU.Build.0 = Debug|Any CPU
		{7EEEE7C5-2F71-4BD4-A4AD-464474FD843E}.Release|Any CPU.ActiveCfg = Release|Any CPU
		{7EEEE7C5-2F71-4BD4-A4AD-464474FD843E}.Release|Any CPU.Build.0 = Release|Any CPU
	EndGlobalSection
	GlobalSection(SolutionProperties) = preSolution
		HideSolutionNode = FALSE
	EndGlobalSection
	GlobalSection(ExtensibilityGlobals) = postSolution
		SolutionGuid = {66DAC079-345F-48A4-AE33-557EFC3BABFB}
	EndGlobalSection
EndGlobal
