
Microsoft Visual Studio Solution File, Format Version 12.00
# Visual Studio Version 17
VisualStudioVersion = 17.7.34202.233
MinimumVisualStudioVersion = 10.0.40219.1
Project("{FAE04EC0-301F-11D3-BF4B-00C04F79EFBC}") = "OOPs_Constructor", "OOPs_Constructor\OOPs_Constructor.csproj", "{A23A11D7-E591-494D-8F9D-CECAC3FCEDC7}"
EndProject
Global
	GlobalSection(SolutionConfigurationPlatforms) = preSolution
		Debug|Any CPU = Debug|Any CPU
		Release|Any CPU = Release|Any CPU
	EndGlobalSection
	GlobalSection(ProjectConfigurationPlatforms) = postSolution
		{A23A11D7-E591-494D-8F9D-CECAC3FCEDC7}.Debug|Any CPU.ActiveCfg = Debug|Any CPU
		{A23A11D7-E591-494D-8F9D-CECAC3FCEDC7}.Debug|Any CPU.Build.0 = Debug|Any CPU
		{A23A11D7-E591-494D-8F9D-CECAC3FCEDC7}.Release|Any CPU.ActiveCfg = Release|Any CPU
		{A23A11D7-E591-494D-8F9D-CECAC3FCEDC7}.Release|Any CPU.Build.0 = Release|Any CPU
	EndGlobalSection
	GlobalSection(SolutionProperties) = preSolution
		HideSolutionNode = FALSE
	EndGlobalSection
	GlobalSection(ExtensibilityGlobals) = postSolution
		SolutionGuid = {C1E1BDE4-DB77-4860-B4F2-6A8910291CB3}
	EndGlobalSection
EndGlobal
