
Microsoft Visual Studio Solution File, Format Version 12.00
# Visual Studio Version 17
VisualStudioVersion = 17.7.34031.279
MinimumVisualStudioVersion = 10.0.40219.1
Project("{FAE04EC0-301F-11D3-BF4B-00C04F79EFBC}") = "Take Input From User", "Take Input From User\Take Input From User.csproj", "{05DE3C5E-65CA-44D6-B310-6DBE5BAE778F}"
EndProject
Global
	GlobalSection(SolutionConfigurationPlatforms) = preSolution
		Debug|Any CPU = Debug|Any CPU
		Release|Any CPU = Release|Any CPU
	EndGlobalSection
	GlobalSection(ProjectConfigurationPlatforms) = postSolution
		{05DE3C5E-65CA-44D6-B310-6DBE5BAE778F}.Debug|Any CPU.ActiveCfg = Debug|Any CPU
		{05DE3C5E-65CA-44D6-B310-6DBE5BAE778F}.Debug|Any CPU.Build.0 = Debug|Any CPU
		{05DE3C5E-65CA-44D6-B310-6DBE5BAE778F}.Release|Any CPU.ActiveCfg = Release|Any CPU
		{05DE3C5E-65CA-44D6-B310-6DBE5BAE778F}.Release|Any CPU.Build.0 = Release|Any CPU
	EndGlobalSection
	GlobalSection(SolutionProperties) = preSolution
		HideSolutionNode = FALSE
	EndGlobalSection
	GlobalSection(ExtensibilityGlobals) = postSolution
		SolutionGuid = {C6F94D54-8AF4-462C-AF18-542C6C0DFC8E}
	EndGlobalSection
EndGlobal
