
Microsoft Visual Studio Solution File, Format Version 12.00
# Visual Studio Version 17
VisualStudioVersion = 17.8.34322.80
MinimumVisualStudioVersion = 10.0.40219.1
Project("{FAE04EC0-301F-11D3-BF4B-00C04F79EFBC}") = "IndexersPractice2", "IndexersPractice2\IndexersPractice2.csproj", "{A9A02B1A-1E55-437D-8554-5D9EE0B6F8DE}"
EndProject
Global
	GlobalSection(SolutionConfigurationPlatforms) = preSolution
		Debug|Any CPU = Debug|Any CPU
		Release|Any CPU = Release|Any CPU
	EndGlobalSection
	GlobalSection(ProjectConfigurationPlatforms) = postSolution
		{A9A02B1A-1E55-437D-8554-5D9EE0B6F8DE}.Debug|Any CPU.ActiveCfg = Debug|Any CPU
		{A9A02B1A-1E55-437D-8554-5D9EE0B6F8DE}.Debug|Any CPU.Build.0 = Debug|Any CPU
		{A9A02B1A-1E55-437D-8554-5D9EE0B6F8DE}.Release|Any CPU.ActiveCfg = Release|Any CPU
		{A9A02B1A-1E55-437D-8554-5D9EE0B6F8DE}.Release|Any CPU.Build.0 = Release|Any CPU
	EndGlobalSection
	GlobalSection(SolutionProperties) = preSolution
		HideSolutionNode = FALSE
	EndGlobalSection
	GlobalSection(ExtensibilityGlobals) = postSolution
		SolutionGuid = {5C89FC66-F9FA-4F0D-9E21-8CF34CDA59BB}
	EndGlobalSection
EndGlobal
