
Microsoft Visual Studio Solution File, Format Version 12.00
# Visual Studio Version 17
VisualStudioVersion = 17.7.34031.279
MinimumVisualStudioVersion = 10.0.40219.1
Project("{FAE04EC0-301F-11D3-BF4B-00C04F79EFBC}") = "Check Even Or Odd Number", "Check Even Or Odd Number\Check Even Or Odd Number.csproj", "{CA8DB4B0-7BED-4871-AC74-69561FD84268}"
EndProject
Global
	GlobalSection(SolutionConfigurationPlatforms) = preSolution
		Debug|Any CPU = Debug|Any CPU
		Release|Any CPU = Release|Any CPU
	EndGlobalSection
	GlobalSection(ProjectConfigurationPlatforms) = postSolution
		{CA8DB4B0-7BED-4871-AC74-69561FD84268}.Debug|Any CPU.ActiveCfg = Debug|Any CPU
		{CA8DB4B0-7BED-4871-AC74-69561FD84268}.Debug|Any CPU.Build.0 = Debug|Any CPU
		{CA8DB4B0-7BED-4871-AC74-69561FD84268}.Release|Any CPU.ActiveCfg = Release|Any CPU
		{CA8DB4B0-7BED-4871-AC74-69561FD84268}.Release|Any CPU.Build.0 = Release|Any CPU
	EndGlobalSection
	GlobalSection(SolutionProperties) = preSolution
		HideSolutionNode = FALSE
	EndGlobalSection
	GlobalSection(ExtensibilityGlobals) = postSolution
		SolutionGuid = {C8D142F5-BA24-4150-8E99-604F4FEE96DA}
	EndGlobalSection
EndGlobal
