
Microsoft Visual Studio Solution File, Format Version 12.00
# Visual Studio Version 17
VisualStudioVersion = 17.7.34202.233
MinimumVisualStudioVersion = 10.0.40219.1
Project("{FAE04EC0-301F-11D3-BF4B-00C04F79EFBC}") = "Method Overloading", "Method Overloading\Method Overloading.csproj", "{198045BA-2A83-4E28-B7C6-B7CA8764C347}"
EndProject
Global
	GlobalSection(SolutionConfigurationPlatforms) = preSolution
		Debug|Any CPU = Debug|Any CPU
		Release|Any CPU = Release|Any CPU
	EndGlobalSection
	GlobalSection(ProjectConfigurationPlatforms) = postSolution
		{198045BA-2A83-4E28-B7C6-B7CA8764C347}.Debug|Any CPU.ActiveCfg = Debug|Any CPU
		{198045BA-2A83-4E28-B7C6-B7CA8764C347}.Debug|Any CPU.Build.0 = Debug|Any CPU
		{198045BA-2A83-4E28-B7C6-B7CA8764C347}.Release|Any CPU.ActiveCfg = Release|Any CPU
		{198045BA-2A83-4E28-B7C6-B7CA8764C347}.Release|Any CPU.Build.0 = Release|Any CPU
	EndGlobalSection
	GlobalSection(SolutionProperties) = preSolution
		HideSolutionNode = FALSE
	EndGlobalSection
	GlobalSection(ExtensibilityGlobals) = postSolution
		SolutionGuid = {371AFF5D-15A1-45EF-99BE-EBE780E57871}
	EndGlobalSection
EndGlobal
