
Microsoft Visual Studio Solution File, Format Version 12.00
# Visual Studio Version 17
VisualStudioVersion = 17.8.34322.80
MinimumVisualStudioVersion = 10.0.40219.1
Project("{FAE04EC0-301F-11D3-BF4B-00C04F79EFBC}") = "FractionOperatorOverloading", "FractionOperatorOverloading\FractionOperatorOverloading.csproj", "{36217B86-0DD7-4D4B-82EB-DF837A3EF6FC}"
EndProject
Global
	GlobalSection(SolutionConfigurationPlatforms) = preSolution
		Debug|Any CPU = Debug|Any CPU
		Release|Any CPU = Release|Any CPU
	EndGlobalSection
	GlobalSection(ProjectConfigurationPlatforms) = postSolution
		{36217B86-0DD7-4D4B-82EB-DF837A3EF6FC}.Debug|Any CPU.ActiveCfg = Debug|Any CPU
		{36217B86-0DD7-4D4B-82EB-DF837A3EF6FC}.Debug|Any CPU.Build.0 = Debug|Any CPU
		{36217B86-0DD7-4D4B-82EB-DF837A3EF6FC}.Release|Any CPU.ActiveCfg = Release|Any CPU
		{36217B86-0DD7-4D4B-82EB-DF837A3EF6FC}.Release|Any CPU.Build.0 = Release|Any CPU
	EndGlobalSection
	GlobalSection(SolutionProperties) = preSolution
		HideSolutionNode = FALSE
	EndGlobalSection
	GlobalSection(ExtensibilityGlobals) = postSolution
		SolutionGuid = {3CE1D5DC-D4FC-47B6-9B9E-F892CFA42346}
	EndGlobalSection
EndGlobal
