
Microsoft Visual Studio Solution File, Format Version 12.00
# Visual Studio Version 17
VisualStudioVersion = 17.7.34202.233
MinimumVisualStudioVersion = 10.0.40219.1
Project("{FAE04EC0-301F-11D3-BF4B-00C04F79EFBC}") = "Problem 96A", "Problem 96A\Problem 96A.csproj", "{3C69A1D1-CBED-4CA0-8D60-5A2F79B1C278}"
EndProject
Global
	GlobalSection(SolutionConfigurationPlatforms) = preSolution
		Debug|Any CPU = Debug|Any CPU
		Release|Any CPU = Release|Any CPU
	EndGlobalSection
	GlobalSection(ProjectConfigurationPlatforms) = postSolution
		{3C69A1D1-CBED-4CA0-8D60-5A2F79B1C278}.Debug|Any CPU.ActiveCfg = Debug|Any CPU
		{3C69A1D1-CBED-4CA0-8D60-5A2F79B1C278}.Debug|Any CPU.Build.0 = Debug|Any CPU
		{3C69A1D1-CBED-4CA0-8D60-5A2F79B1C278}.Release|Any CPU.ActiveCfg = Release|Any CPU
		{3C69A1D1-CBED-4CA0-8D60-5A2F79B1C278}.Release|Any CPU.Build.0 = Release|Any CPU
	EndGlobalSection
	GlobalSection(SolutionProperties) = preSolution
		HideSolutionNode = FALSE
	EndGlobalSection
	GlobalSection(ExtensibilityGlobals) = postSolution
		SolutionGuid = {4BEF9BC0-2885-4FEB-9748-2FA39141D657}
	EndGlobalSection
EndGlobal
