
Microsoft Visual Studio Solution File, Format Version 12.00
# Visual Studio Version 17
VisualStudioVersion = 17.7.34202.233
MinimumVisualStudioVersion = 10.0.40219.1
Project("{FAE04EC0-301F-11D3-BF4B-00C04F79EFBC}") = "Problem 750A", "Problem 750A\Problem 750A.csproj", "{CEF2E1F6-E61C-4EF6-B5B8-30C229891EA6}"
EndProject
Global
	GlobalSection(SolutionConfigurationPlatforms) = preSolution
		Debug|Any CPU = Debug|Any CPU
		Release|Any CPU = Release|Any CPU
	EndGlobalSection
	GlobalSection(ProjectConfigurationPlatforms) = postSolution
		{CEF2E1F6-E61C-4EF6-B5B8-30C229891EA6}.Debug|Any CPU.ActiveCfg = Debug|Any CPU
		{CEF2E1F6-E61C-4EF6-B5B8-30C229891EA6}.Debug|Any CPU.Build.0 = Debug|Any CPU
		{CEF2E1F6-E61C-4EF6-B5B8-30C229891EA6}.Release|Any CPU.ActiveCfg = Release|Any CPU
		{CEF2E1F6-E61C-4EF6-B5B8-30C229891EA6}.Release|Any CPU.Build.0 = Release|Any CPU
	EndGlobalSection
	GlobalSection(SolutionProperties) = preSolution
		HideSolutionNode = FALSE
	EndGlobalSection
	GlobalSection(ExtensibilityGlobals) = postSolution
		SolutionGuid = {515A7B15-1370-4D72-A3B7-2FB0BE9D93C1}
	EndGlobalSection
EndGlobal
