
Microsoft Visual Studio Solution File, Format Version 12.00
# Visual Studio Version 17
VisualStudioVersion = 17.7.34031.279
MinimumVisualStudioVersion = 10.0.40219.1
Project("{FAE04EC0-301F-11D3-BF4B-00C04F79EFBC}") = "Date and Time Format", "Date and Time Format\Date and Time Format.csproj", "{9585957D-F17E-4388-9595-912B7C46B8A1}"
EndProject
Global
	GlobalSection(SolutionConfigurationPlatforms) = preSolution
		Debug|Any CPU = Debug|Any CPU
		Release|Any CPU = Release|Any CPU
	EndGlobalSection
	GlobalSection(ProjectConfigurationPlatforms) = postSolution
		{9585957D-F17E-4388-9595-912B7C46B8A1}.Debug|Any CPU.ActiveCfg = Debug|Any CPU
		{9585957D-F17E-4388-9595-912B7C46B8A1}.Debug|Any CPU.Build.0 = Debug|Any CPU
		{9585957D-F17E-4388-9595-912B7C46B8A1}.Release|Any CPU.ActiveCfg = Release|Any CPU
		{9585957D-F17E-4388-9595-912B7C46B8A1}.Release|Any CPU.Build.0 = Release|Any CPU
	EndGlobalSection
	GlobalSection(SolutionProperties) = preSolution
		HideSolutionNode = FALSE
	EndGlobalSection
	GlobalSection(ExtensibilityGlobals) = postSolution
		SolutionGuid = {06324B23-8F6E-4D63-A395-D8ECCC37ED9F}
	EndGlobalSection
EndGlobal
