
Microsoft Visual Studio Solution File, Format Version 12.00
# Visual Studio Version 17
VisualStudioVersion = 17.7.34202.233
MinimumVisualStudioVersion = 10.0.40219.1
Project("{FAE04EC0-301F-11D3-BF4B-00C04F79EFBC}") = "Problem 486A", "Problem 486A\Problem 486A.csproj", "{05542173-C9C0-4136-93F8-7473072E58F6}"
EndProject
Global
	GlobalSection(SolutionConfigurationPlatforms) = preSolution
		Debug|Any CPU = Debug|Any CPU
		Release|Any CPU = Release|Any CPU
	EndGlobalSection
	GlobalSection(ProjectConfigurationPlatforms) = postSolution
		{05542173-C9C0-4136-93F8-7473072E58F6}.Debug|Any CPU.ActiveCfg = Debug|Any CPU
		{05542173-C9C0-4136-93F8-7473072E58F6}.Debug|Any CPU.Build.0 = Debug|Any CPU
		{05542173-C9C0-4136-93F8-7473072E58F6}.Release|Any CPU.ActiveCfg = Release|Any CPU
		{05542173-C9C0-4136-93F8-7473072E58F6}.Release|Any CPU.Build.0 = Release|Any CPU
	EndGlobalSection
	GlobalSection(SolutionProperties) = preSolution
		HideSolutionNode = FALSE
	EndGlobalSection
	GlobalSection(ExtensibilityGlobals) = postSolution
		SolutionGuid = {BEC3E22A-81AB-47B1-8201-5C3BDC7747BA}
	EndGlobalSection
EndGlobal
