
Microsoft Visual Studio Solution File, Format Version 12.00
# Visual Studio Version 17
VisualStudioVersion = 17.7.34031.279
MinimumVisualStudioVersion = 10.0.40219.1
Project("{FAE04EC0-301F-11D3-BF4B-00C04F79EFBC}") = "Problem 118A", "Problem 118A\Problem 118A.csproj", "{022A6629-8A16-448E-8EC8-00D77445CBDE}"
EndProject
Global
	GlobalSection(SolutionConfigurationPlatforms) = preSolution
		Debug|Any CPU = Debug|Any CPU
		Release|Any CPU = Release|Any CPU
	EndGlobalSection
	GlobalSection(ProjectConfigurationPlatforms) = postSolution
		{022A6629-8A16-448E-8EC8-00D77445CBDE}.Debug|Any CPU.ActiveCfg = Debug|Any CPU
		{022A6629-8A16-448E-8EC8-00D77445CBDE}.Debug|Any CPU.Build.0 = Debug|Any CPU
		{022A6629-8A16-448E-8EC8-00D77445CBDE}.Release|Any CPU.ActiveCfg = Release|Any CPU
		{022A6629-8A16-448E-8EC8-00D77445CBDE}.Release|Any CPU.Build.0 = Release|Any CPU
	EndGlobalSection
	GlobalSection(SolutionProperties) = preSolution
		HideSolutionNode = FALSE
	EndGlobalSection
	GlobalSection(ExtensibilityGlobals) = postSolution
		SolutionGuid = {3464B8C5-8EFD-4C54-85B3-733AC0F3457E}
	EndGlobalSection
EndGlobal
