
Microsoft Visual Studio Solution File, Format Version 12.00
# Visual Studio Version 17
VisualStudioVersion = 17.7.34031.279
MinimumVisualStudioVersion = 10.0.40219.1
Project("{FAE04EC0-301F-11D3-BF4B-00C04F79EFBC}") = "Problem 263A", "Problem 263A\Problem 263A.csproj", "{667258CE-12BE-43AD-BF14-C46932B62980}"
EndProject
Global
	GlobalSection(SolutionConfigurationPlatforms) = preSolution
		Debug|Any CPU = Debug|Any CPU
		Release|Any CPU = Release|Any CPU
	EndGlobalSection
	GlobalSection(ProjectConfigurationPlatforms) = postSolution
		{667258CE-12BE-43AD-BF14-C46932B62980}.Debug|Any CPU.ActiveCfg = Debug|Any CPU
		{667258CE-12BE-43AD-BF14-C46932B62980}.Debug|Any CPU.Build.0 = Debug|Any CPU
		{667258CE-12BE-43AD-BF14-C46932B62980}.Release|Any CPU.ActiveCfg = Release|Any CPU
		{667258CE-12BE-43AD-BF14-C46932B62980}.Release|Any CPU.Build.0 = Release|Any CPU
	EndGlobalSection
	GlobalSection(SolutionProperties) = preSolution
		HideSolutionNode = FALSE
	EndGlobalSection
	GlobalSection(ExtensibilityGlobals) = postSolution
		SolutionGuid = {6792B9CC-4572-44D2-AC43-4000CC28F915}
	EndGlobalSection
EndGlobal
