
Microsoft Visual Studio Solution File, Format Version 12.00
# Visual Studio Version 17
VisualStudioVersion = 17.7.34202.233
MinimumVisualStudioVersion = 10.0.40219.1
Project("{FAE04EC0-301F-11D3-BF4B-00C04F79EFBC}") = "Access Modifiers", "Access Modifiers\Access Modifiers.csproj", "{85DFB413-3DD7-4ABD-A32B-B3249CCF5C98}"
EndProject
Project("{2150E333-8FDC-42A3-9474-1A3956D46DE8}") = "Solution Items", "Solution Items", "{69FCCEEE-07F3-471F-BAC2-51CFA318543C}"
EndProject
Project("{FAE04EC0-301F-11D3-BF4B-00C04F79EFBC}") = "Access Modifiers2", "Access Modifiers2\Access Modifiers2.csproj", "{8162B61C-8197-4FE9-ACBB-A43815BB4E0D}"
EndProject
Global
	GlobalSection(SolutionConfigurationPlatforms) = preSolution
		Debug|Any CPU = Debug|Any CPU
		Release|Any CPU = Release|Any CPU
	EndGlobalSection
	GlobalSection(ProjectConfigurationPlatforms) = postSolution
		{85DFB413-3DD7-4ABD-A32B-B3249CCF5C98}.Debug|Any CPU.ActiveCfg = Debug|Any CPU
		{85DFB413-3DD7-4ABD-A32B-B3249CCF5C98}.Debug|Any CPU.Build.0 = Debug|Any CPU
		{85DFB413-3DD7-4ABD-A32B-B3249CCF5C98}.Release|Any CPU.ActiveCfg = Release|Any CPU
		{85DFB413-3DD7-4ABD-A32B-B3249CCF5C98}.Release|Any CPU.Build.0 = Release|Any CPU
		{8162B61C-8197-4FE9-ACBB-A43815BB4E0D}.Debug|Any CPU.ActiveCfg = Debug|Any CPU
		{8162B61C-8197-4FE9-ACBB-A43815BB4E0D}.Debug|Any CPU.Build.0 = Debug|Any CPU
		{8162B61C-8197-4FE9-ACBB-A43815BB4E0D}.Release|Any CPU.ActiveCfg = Release|Any CPU
		{8162B61C-8197-4FE9-ACBB-A43815BB4E0D}.Release|Any CPU.Build.0 = Release|Any CPU
	EndGlobalSection
	GlobalSection(SolutionProperties) = preSolution
		HideSolutionNode = FALSE
	EndGlobalSection
	GlobalSection(ExtensibilityGlobals) = postSolution
		SolutionGuid = {06B7947F-0F1D-4FC6-AB39-F0C01EFD3D3E}
	EndGlobalSection
EndGlobal
